
Microsoft Visual Studio Solution File, Format Version 12.00
# Visual Studio 2013
VisualStudioVersion = 12.0.21005.1
MinimumVisualStudioVersion = 10.0.40219.1
Project("{FAE04EC0-301F-11D3-BF4B-00C04F79EFBC}") = "TestingDataAnnotationProject", "TestingDataAnnotationProject\TestingDataAnnotationProject.csproj", "{FD97C56C-6E29-481E-89F3-32483067823A}"
EndProject
Project("{2150E333-8FDC-42A3-9474-1A3956D46DE8}") = ".nuget", ".nuget", "{952B78A2-84B0-4396-9531-C90B9F195DA6}"
	ProjectSection(SolutionItems) = preProject
		.nuget\NuGet.Config = .nuget\NuGet.Config
		.nuget\NuGet.exe = .nuget\NuGet.exe
		.nuget\NuGet.targets = .nuget\NuGet.targets
	EndProjectSection
EndProject
Global
	GlobalSection(SolutionConfigurationPlatforms) = preSolution
		Debug|Any CPU = Debug|Any CPU
		Release|Any CPU = Release|Any CPU
	EndGlobalSection
	GlobalSection(ProjectConfigurationPlatforms) = postSolution
		{FD97C56C-6E29-481E-89F3-32483067823A}.Debug|Any CPU.ActiveCfg = Debug|Any CPU
		{FD97C56C-6E29-481E-89F3-32483067823A}.Debug|Any CPU.Build.0 = Debug|Any CPU
		{FD97C56C-6E29-481E-89F3-32483067823A}.Release|Any CPU.ActiveCfg = Release|Any CPU
		{FD97C56C-6E29-481E-89F3-32483067823A}.Release|Any CPU.Build.0 = Release|Any CPU
	EndGlobalSection
	GlobalSection(SolutionProperties) = preSolution
		HideSolutionNode = FALSE
	EndGlobalSection
EndGlobal
